
Microsoft Visual Studio Solution File, Format Version 12.00
# Visual Studio Version 17
VisualStudioVersion = 17.4.33205.214
MinimumVisualStudioVersion = 10.0.40219.1
Project("{FAE04EC0-301F-11D3-BF4B-00C04F79EFBC}") = "NasFileSystem", "NasFileSystem\NasFileSystem.csproj", "{42004FB3-299D-4D8C-88F5-B0AD55AEAE9D}"
EndProject
Project("{FAE04EC0-301F-11D3-BF4B-00C04F79EFBC}") = "NasServer", "NasServer\NasServer.csproj", "{D87A3448-34B8-4D9C-84F8-B6C94BDF3DE8}"
EndProject
Project("{FAE04EC0-301F-11D3-BF4B-00C04F79EFBC}") = "NasClient", "NasClient\NasClient.csproj", "{F6C5694F-12B5-4FFD-B239-C2F2DA63B393}"
EndProject
Project("{FAE04EC0-301F-11D3-BF4B-00C04F79EFBC}") = "NasLib", "NasLib\NasLib.csproj", "{BD9E8A6B-75F6-4134-8637-42A1B5698EFE}"
EndProject
Project("{FAE04EC0-301F-11D3-BF4B-00C04F79EFBC}") = "NasDB", "NasDB\NasDB.csproj", "{2EB17581-BA3F-46DC-85A8-629E012E70DE}"
EndProject
Global
	GlobalSection(SolutionConfigurationPlatforms) = preSolution
		Debug|Any CPU = Debug|Any CPU
		Release|Any CPU = Release|Any CPU
	EndGlobalSection
	GlobalSection(ProjectConfigurationPlatforms) = postSolution
		{42004FB3-299D-4D8C-88F5-B0AD55AEAE9D}.Debug|Any CPU.ActiveCfg = Debug|Any CPU
		{42004FB3-299D-4D8C-88F5-B0AD55AEAE9D}.Debug|Any CPU.Build.0 = Debug|Any CPU
		{42004FB3-299D-4D8C-88F5-B0AD55AEAE9D}.Release|Any CPU.ActiveCfg = Release|Any CPU
		{42004FB3-299D-4D8C-88F5-B0AD55AEAE9D}.Release|Any CPU.Build.0 = Release|Any CPU
		{D87A3448-34B8-4D9C-84F8-B6C94BDF3DE8}.Debug|Any CPU.ActiveCfg = Debug|Any CPU
		{D87A3448-34B8-4D9C-84F8-B6C94BDF3DE8}.Debug|Any CPU.Build.0 = Debug|Any CPU
		{D87A3448-34B8-4D9C-84F8-B6C94BDF3DE8}.Release|Any CPU.ActiveCfg = Release|Any CPU
		{D87A3448-34B8-4D9C-84F8-B6C94BDF3DE8}.Release|Any CPU.Build.0 = Release|Any CPU
		{F6C5694F-12B5-4FFD-B239-C2F2DA63B393}.Debug|Any CPU.ActiveCfg = Debug|Any CPU
		{F6C5694F-12B5-4FFD-B239-C2F2DA63B393}.Debug|Any CPU.Build.0 = Debug|Any CPU
		{F6C5694F-12B5-4FFD-B239-C2F2DA63B393}.Release|Any CPU.ActiveCfg = Release|Any CPU
		{F6C5694F-12B5-4FFD-B239-C2F2DA63B393}.Release|Any CPU.Build.0 = Release|Any CPU
		{BD9E8A6B-75F6-4134-8637-42A1B5698EFE}.Debug|Any CPU.ActiveCfg = Debug|Any CPU
		{BD9E8A6B-75F6-4134-8637-42A1B5698EFE}.Debug|Any CPU.Build.0 = Debug|Any CPU
		{BD9E8A6B-75F6-4134-8637-42A1B5698EFE}.Release|Any CPU.ActiveCfg = Release|Any CPU
		{BD9E8A6B-75F6-4134-8637-42A1B5698EFE}.Release|Any CPU.Build.0 = Release|Any CPU
		{2EB17581-BA3F-46DC-85A8-629E012E70DE}.Debug|Any CPU.ActiveCfg = Debug|Any CPU
		{2EB17581-BA3F-46DC-85A8-629E012E70DE}.Debug|Any CPU.Build.0 = Debug|Any CPU
		{2EB17581-BA3F-46DC-85A8-629E012E70DE}.Release|Any CPU.ActiveCfg = Release|Any CPU
		{2EB17581-BA3F-46DC-85A8-629E012E70DE}.Release|Any CPU.Build.0 = Release|Any CPU
	EndGlobalSection
	GlobalSection(SolutionProperties) = preSolution
		HideSolutionNode = FALSE
	EndGlobalSection
	GlobalSection(ExtensibilityGlobals) = postSolution
		SolutionGuid = {84464952-41F3-4A27-8F06-4DE549C5FEA8}
	EndGlobalSection
EndGlobal
