
Microsoft Visual Studio Solution File, Format Version 12.00
# Visual Studio Version 17
VisualStudioVersion = 17.4.33205.214
MinimumVisualStudioVersion = 10.0.40219.1
Project("{FAE04EC0-301F-11D3-BF4B-00C04F79EFBC}") = "TestGuiProject", "TestGuiProject\TestGuiProject.csproj", "{213F9E59-1045-4366-84D6-586AFF24F09B}"
EndProject
Project("{FAE04EC0-301F-11D3-BF4B-00C04F79EFBC}") = "TestLibProject", "TestLibProject\TestLibProject.csproj", "{746520D6-10B1-4BCF-987A-B58A864FA2FD}"
EndProject
Project("{FAE04EC0-301F-11D3-BF4B-00C04F79EFBC}") = "TestFormContainer", "TestFormContainer\TestFormContainer.csproj", "{3BEA455C-AA5E-472C-B7E3-BA9B6494333D}"
EndProject
Project("{FAE04EC0-301F-11D3-BF4B-00C04F79EFBC}") = "TestFormExecutor", "TestFormExecutor\TestFormExecutor.csproj", "{972A7E93-901C-415A-AA64-FE5D0F558E5F}"
EndProject
Project("{FAE04EC0-301F-11D3-BF4B-00C04F79EFBC}") = "NasFileSystem", "NasFileSystem\NasFileSystem.csproj", "{42004FB3-299D-4D8C-88F5-B0AD55AEAE9D}"
EndProject
Project("{FAE04EC0-301F-11D3-BF4B-00C04F79EFBC}") = "TestConProject", "TestConProject\TestConProject.csproj", "{49A5CFF0-6B37-4D2D-ADAC-736310FFFF73}"
EndProject
Project("{FAE04EC0-301F-11D3-BF4B-00C04F79EFBC}") = "NasServer", "NasServer\NasServer.csproj", "{D87A3448-34B8-4D9C-84F8-B6C94BDF3DE8}"
EndProject
Project("{FAE04EC0-301F-11D3-BF4B-00C04F79EFBC}") = "NasClient", "NasClient\NasClient.csproj", "{F6C5694F-12B5-4FFD-B239-C2F2DA63B393}"
EndProject
Project("{FAE04EC0-301F-11D3-BF4B-00C04F79EFBC}") = "NasLib", "NasLib\NasLib.csproj", "{BD9E8A6B-75F6-4134-8637-42A1B5698EFE}"
EndProject
Project("{FAE04EC0-301F-11D3-BF4B-00C04F79EFBC}") = "NasLibClient", "NasLibClient\NasLibClient.csproj", "{6F3001B7-5F3C-4214-91D0-D22BBD7E3D2A}"
EndProject
Project("{FAE04EC0-301F-11D3-BF4B-00C04F79EFBC}") = "NasDB", "NasDB\NasDB.csproj", "{2EB17581-BA3F-46DC-85A8-629E012E70DE}"
EndProject
Project("{FAE04EC0-301F-11D3-BF4B-00C04F79EFBC}") = "NasLibServer", "NasLibServer\NasLibServer.csproj", "{5FE58928-CFCA-45BB-91ED-7C2771E8E3AC}"
EndProject
Global
	GlobalSection(SolutionConfigurationPlatforms) = preSolution
		Debug|Any CPU = Debug|Any CPU
		Release|Any CPU = Release|Any CPU
	EndGlobalSection
	GlobalSection(ProjectConfigurationPlatforms) = postSolution
		{213F9E59-1045-4366-84D6-586AFF24F09B}.Debug|Any CPU.ActiveCfg = Debug|Any CPU
		{213F9E59-1045-4366-84D6-586AFF24F09B}.Debug|Any CPU.Build.0 = Debug|Any CPU
		{213F9E59-1045-4366-84D6-586AFF24F09B}.Release|Any CPU.ActiveCfg = Release|Any CPU
		{213F9E59-1045-4366-84D6-586AFF24F09B}.Release|Any CPU.Build.0 = Release|Any CPU
		{746520D6-10B1-4BCF-987A-B58A864FA2FD}.Debug|Any CPU.ActiveCfg = Debug|Any CPU
		{746520D6-10B1-4BCF-987A-B58A864FA2FD}.Debug|Any CPU.Build.0 = Debug|Any CPU
		{746520D6-10B1-4BCF-987A-B58A864FA2FD}.Release|Any CPU.ActiveCfg = Release|Any CPU
		{746520D6-10B1-4BCF-987A-B58A864FA2FD}.Release|Any CPU.Build.0 = Release|Any CPU
		{3BEA455C-AA5E-472C-B7E3-BA9B6494333D}.Debug|Any CPU.ActiveCfg = Debug|Any CPU
		{3BEA455C-AA5E-472C-B7E3-BA9B6494333D}.Debug|Any CPU.Build.0 = Debug|Any CPU
		{3BEA455C-AA5E-472C-B7E3-BA9B6494333D}.Release|Any CPU.ActiveCfg = Release|Any CPU
		{3BEA455C-AA5E-472C-B7E3-BA9B6494333D}.Release|Any CPU.Build.0 = Release|Any CPU
		{972A7E93-901C-415A-AA64-FE5D0F558E5F}.Debug|Any CPU.ActiveCfg = Debug|Any CPU
		{972A7E93-901C-415A-AA64-FE5D0F558E5F}.Debug|Any CPU.Build.0 = Debug|Any CPU
		{972A7E93-901C-415A-AA64-FE5D0F558E5F}.Release|Any CPU.ActiveCfg = Release|Any CPU
		{972A7E93-901C-415A-AA64-FE5D0F558E5F}.Release|Any CPU.Build.0 = Release|Any CPU
		{42004FB3-299D-4D8C-88F5-B0AD55AEAE9D}.Debug|Any CPU.ActiveCfg = Debug|Any CPU
		{42004FB3-299D-4D8C-88F5-B0AD55AEAE9D}.Debug|Any CPU.Build.0 = Debug|Any CPU
		{42004FB3-299D-4D8C-88F5-B0AD55AEAE9D}.Release|Any CPU.ActiveCfg = Release|Any CPU
		{42004FB3-299D-4D8C-88F5-B0AD55AEAE9D}.Release|Any CPU.Build.0 = Release|Any CPU
		{49A5CFF0-6B37-4D2D-ADAC-736310FFFF73}.Debug|Any CPU.ActiveCfg = Debug|Any CPU
		{49A5CFF0-6B37-4D2D-ADAC-736310FFFF73}.Debug|Any CPU.Build.0 = Debug|Any CPU
		{49A5CFF0-6B37-4D2D-ADAC-736310FFFF73}.Release|Any CPU.ActiveCfg = Release|Any CPU
		{49A5CFF0-6B37-4D2D-ADAC-736310FFFF73}.Release|Any CPU.Build.0 = Release|Any CPU
		{D87A3448-34B8-4D9C-84F8-B6C94BDF3DE8}.Debug|Any CPU.ActiveCfg = Debug|Any CPU
		{D87A3448-34B8-4D9C-84F8-B6C94BDF3DE8}.Debug|Any CPU.Build.0 = Debug|Any CPU
		{D87A3448-34B8-4D9C-84F8-B6C94BDF3DE8}.Release|Any CPU.ActiveCfg = Release|Any CPU
		{D87A3448-34B8-4D9C-84F8-B6C94BDF3DE8}.Release|Any CPU.Build.0 = Release|Any CPU
		{F6C5694F-12B5-4FFD-B239-C2F2DA63B393}.Debug|Any CPU.ActiveCfg = Debug|Any CPU
		{F6C5694F-12B5-4FFD-B239-C2F2DA63B393}.Debug|Any CPU.Build.0 = Debug|Any CPU
		{F6C5694F-12B5-4FFD-B239-C2F2DA63B393}.Release|Any CPU.ActiveCfg = Release|Any CPU
		{F6C5694F-12B5-4FFD-B239-C2F2DA63B393}.Release|Any CPU.Build.0 = Release|Any CPU
		{BD9E8A6B-75F6-4134-8637-42A1B5698EFE}.Debug|Any CPU.ActiveCfg = Debug|Any CPU
		{BD9E8A6B-75F6-4134-8637-42A1B5698EFE}.Debug|Any CPU.Build.0 = Debug|Any CPU
		{BD9E8A6B-75F6-4134-8637-42A1B5698EFE}.Release|Any CPU.ActiveCfg = Release|Any CPU
		{BD9E8A6B-75F6-4134-8637-42A1B5698EFE}.Release|Any CPU.Build.0 = Release|Any CPU
		{6F3001B7-5F3C-4214-91D0-D22BBD7E3D2A}.Debug|Any CPU.ActiveCfg = Debug|Any CPU
		{6F3001B7-5F3C-4214-91D0-D22BBD7E3D2A}.Debug|Any CPU.Build.0 = Debug|Any CPU
		{6F3001B7-5F3C-4214-91D0-D22BBD7E3D2A}.Release|Any CPU.ActiveCfg = Release|Any CPU
		{6F3001B7-5F3C-4214-91D0-D22BBD7E3D2A}.Release|Any CPU.Build.0 = Release|Any CPU
		{2EB17581-BA3F-46DC-85A8-629E012E70DE}.Debug|Any CPU.ActiveCfg = Debug|Any CPU
		{2EB17581-BA3F-46DC-85A8-629E012E70DE}.Debug|Any CPU.Build.0 = Debug|Any CPU
		{2EB17581-BA3F-46DC-85A8-629E012E70DE}.Release|Any CPU.ActiveCfg = Release|Any CPU
		{2EB17581-BA3F-46DC-85A8-629E012E70DE}.Release|Any CPU.Build.0 = Release|Any CPU
		{5FE58928-CFCA-45BB-91ED-7C2771E8E3AC}.Debug|Any CPU.ActiveCfg = Debug|Any CPU
		{5FE58928-CFCA-45BB-91ED-7C2771E8E3AC}.Debug|Any CPU.Build.0 = Debug|Any CPU
		{5FE58928-CFCA-45BB-91ED-7C2771E8E3AC}.Release|Any CPU.ActiveCfg = Release|Any CPU
		{5FE58928-CFCA-45BB-91ED-7C2771E8E3AC}.Release|Any CPU.Build.0 = Release|Any CPU
	EndGlobalSection
	GlobalSection(SolutionProperties) = preSolution
		HideSolutionNode = FALSE
	EndGlobalSection
	GlobalSection(ExtensibilityGlobals) = postSolution
		SolutionGuid = {84464952-41F3-4A27-8F06-4DE549C5FEA8}
	EndGlobalSection
EndGlobal
